
Microsoft Visual Studio Solution File, Format Version 12.00
# Visual Studio Version 17
VisualStudioVersion = 17.13.35818.85
MinimumVisualStudioVersion = 10.0.40219.1
Project("{FAE04EC0-301F-11D3-BF4B-00C04F79EFBC}") = "DipProj", "DipProj\DipProj.csproj", "{47630B3F-73AA-4AC0-825F-CCDDD8BC3871}"
EndProject
Project("{FAE04EC0-301F-11D3-BF4B-00C04F79EFBC}") = "ParserDB", "ParserDB\ParserDB.csproj", "{CA3A3F5B-D49C-4DC7-851B-F4399495D63B}"
EndProject
Global
	GlobalSection(SolutionConfigurationPlatforms) = preSolution
		Debug|Any CPU = Debug|Any CPU
		Release|Any CPU = Release|Any CPU
	EndGlobalSection
	GlobalSection(ProjectConfigurationPlatforms) = postSolution
		{47630B3F-73AA-4AC0-825F-CCDDD8BC3871}.Debug|Any CPU.ActiveCfg = Debug|Any CPU
		{47630B3F-73AA-4AC0-825F-CCDDD8BC3871}.Debug|Any CPU.Build.0 = Debug|Any CPU
		{47630B3F-73AA-4AC0-825F-CCDDD8BC3871}.Release|Any CPU.ActiveCfg = Release|Any CPU
		{47630B3F-73AA-4AC0-825F-CCDDD8BC3871}.Release|Any CPU.Build.0 = Release|Any CPU
		{CA3A3F5B-D49C-4DC7-851B-F4399495D63B}.Debug|Any CPU.ActiveCfg = Debug|Any CPU
		{CA3A3F5B-D49C-4DC7-851B-F4399495D63B}.Debug|Any CPU.Build.0 = Debug|Any CPU
		{CA3A3F5B-D49C-4DC7-851B-F4399495D63B}.Release|Any CPU.ActiveCfg = Release|Any CPU
		{CA3A3F5B-D49C-4DC7-851B-F4399495D63B}.Release|Any CPU.Build.0 = Release|Any CPU
	EndGlobalSection
	GlobalSection(SolutionProperties) = preSolution
		HideSolutionNode = FALSE
	EndGlobalSection
	GlobalSection(ExtensibilityGlobals) = postSolution
		SolutionGuid = {8E02F6F1-B0C2-42DC-B18E-44EA324BD3A6}
	EndGlobalSection
EndGlobal
